{
  "name": "@1stvamp/proxy",
  "version": "1.0.0",
  "lockfileVersion": 3,
  "requires": true,
  "packages": {
    "": {
      "name": "@1stvamp/proxy",
      "version": "1.0.0",
      "license": "Apache-2.0",
      "dependencies": {
        "node-http-proxy": "^0.0.3"
      }
    },
    "node_modules/node-http-proxy": {
      "version": "0.0.3",
      "resolved": "https://registry.npmjs.org/node-http-proxy/-/node-http-proxy-0.0.3.tgz",
      "integrity": "sha512-V1yuiqBh2bnB3HYh9EQ9eZmv+RYog8/D2n9GgfRfrEctIANqT8wHXyXpKdxf47rhvrXkTs4gPHaLhhFxxLe25g==",
      "license": "ISC"
    }
  }
}
